
Microsoft Visual Studio Solution File, Format Version 12.00
Project("{2150E333-8FDC-42A3-9474-1A3956D46DE8}") = "src", "src", "{E6471450-8D37-4B46-8EAA-BBC7B72283AB}"
EndProject
Project("{2150E333-8FDC-42A3-9474-1A3956D46DE8}") = "tests", "tests", "{70500571-BC77-4DD1-9CBE-850CE0DAF51B}"
EndProject
Project("{2150E333-8FDC-42A3-9474-1A3956D46DE8}") = "Backend", "Backend", "{66DF47D5-1CA5-4A50-88E8-A81B2D1A6A5C}"
EndProject
Project("{2150E333-8FDC-42A3-9474-1A3956D46DE8}") = "Shared", "Shared", "{30ACAF01-360F-4BB9-A704-D55FFE172AF6}"
EndProject
Project("{FAE04EC0-301F-11D3-BF4B-00C04F79EFBC}") = "MyRecipeBook.API", "src\Backend\MyRecipeBook.API\MyRecipeBook.API.csproj", "{4EF5FB22-91C1-4786-B2D0-97F4658E2595}"
EndProject
Project("{FAE04EC0-301F-11D3-BF4B-00C04F79EFBC}") = "MyRecipeBook.Application", "src\Backend\MyRecipeBook.Application\MyRecipeBook.Application.csproj", "{908D3B1E-1EEC-4A05-BE77-BA47C1AB9041}"
EndProject
Project("{FAE04EC0-301F-11D3-BF4B-00C04F79EFBC}") = "MyRecipeBook.Domain", "src\Backend\MyRecipeBook.Domain\MyRecipeBook.Domain.csproj", "{1845E3FF-F8F2-4FC8-A6E9-50836D0DC5FF}"
EndProject
Project("{FAE04EC0-301F-11D3-BF4B-00C04F79EFBC}") = "MyRecipeBook.Infrastructure", "src\Backend\MyRecipeBook.Infrastructure\MyRecipeBook.Infrastructure.csproj", "{EFBC7C71-5E98-466F-8C76-8E607B23A490}"
EndProject
Project("{FAE04EC0-301F-11D3-BF4B-00C04F79EFBC}") = "MyRecipeBook.Communication", "src\Shared\MyRecipeBook.Communication\MyRecipeBook.Communication.csproj", "{E7FDFB14-DDA9-429B-BA73-DF283B615D81}"
EndProject
Project("{FAE04EC0-301F-11D3-BF4B-00C04F79EFBC}") = "MyRecipeBook.Exception", "src\Shared\MyRecipeBook.Exception\MyRecipeBook.Exception.csproj", "{50F17443-4DE7-475E-8B67-C8FE04F72553}"
EndProject
Global
	GlobalSection(SolutionConfigurationPlatforms) = preSolution
		Debug|Any CPU = Debug|Any CPU
		Release|Any CPU = Release|Any CPU
	EndGlobalSection
	GlobalSection(NestedProjects) = preSolution
		{66DF47D5-1CA5-4A50-88E8-A81B2D1A6A5C} = {E6471450-8D37-4B46-8EAA-BBC7B72283AB}
		{30ACAF01-360F-4BB9-A704-D55FFE172AF6} = {E6471450-8D37-4B46-8EAA-BBC7B72283AB}
		{4EF5FB22-91C1-4786-B2D0-97F4658E2595} = {66DF47D5-1CA5-4A50-88E8-A81B2D1A6A5C}
		{908D3B1E-1EEC-4A05-BE77-BA47C1AB9041} = {66DF47D5-1CA5-4A50-88E8-A81B2D1A6A5C}
		{1845E3FF-F8F2-4FC8-A6E9-50836D0DC5FF} = {66DF47D5-1CA5-4A50-88E8-A81B2D1A6A5C}
		{EFBC7C71-5E98-466F-8C76-8E607B23A490} = {66DF47D5-1CA5-4A50-88E8-A81B2D1A6A5C}
		{E7FDFB14-DDA9-429B-BA73-DF283B615D81} = {30ACAF01-360F-4BB9-A704-D55FFE172AF6}
		{50F17443-4DE7-475E-8B67-C8FE04F72553} = {30ACAF01-360F-4BB9-A704-D55FFE172AF6}
	EndGlobalSection
	GlobalSection(ProjectConfigurationPlatforms) = postSolution
		{4EF5FB22-91C1-4786-B2D0-97F4658E2595}.Debug|Any CPU.ActiveCfg = Debug|Any CPU
		{4EF5FB22-91C1-4786-B2D0-97F4658E2595}.Debug|Any CPU.Build.0 = Debug|Any CPU
		{4EF5FB22-91C1-4786-B2D0-97F4658E2595}.Release|Any CPU.ActiveCfg = Release|Any CPU
		{4EF5FB22-91C1-4786-B2D0-97F4658E2595}.Release|Any CPU.Build.0 = Release|Any CPU
		{908D3B1E-1EEC-4A05-BE77-BA47C1AB9041}.Debug|Any CPU.ActiveCfg = Debug|Any CPU
		{908D3B1E-1EEC-4A05-BE77-BA47C1AB9041}.Debug|Any CPU.Build.0 = Debug|Any CPU
		{908D3B1E-1EEC-4A05-BE77-BA47C1AB9041}.Release|Any CPU.ActiveCfg = Release|Any CPU
		{908D3B1E-1EEC-4A05-BE77-BA47C1AB9041}.Release|Any CPU.Build.0 = Release|Any CPU
		{1845E3FF-F8F2-4FC8-A6E9-50836D0DC5FF}.Debug|Any CPU.ActiveCfg = Debug|Any CPU
		{1845E3FF-F8F2-4FC8-A6E9-50836D0DC5FF}.Debug|Any CPU.Build.0 = Debug|Any CPU
		{1845E3FF-F8F2-4FC8-A6E9-50836D0DC5FF}.Release|Any CPU.ActiveCfg = Release|Any CPU
		{1845E3FF-F8F2-4FC8-A6E9-50836D0DC5FF}.Release|Any CPU.Build.0 = Release|Any CPU
		{EFBC7C71-5E98-466F-8C76-8E607B23A490}.Debug|Any CPU.ActiveCfg = Debug|Any CPU
		{EFBC7C71-5E98-466F-8C76-8E607B23A490}.Debug|Any CPU.Build.0 = Debug|Any CPU
		{EFBC7C71-5E98-466F-8C76-8E607B23A490}.Release|Any CPU.ActiveCfg = Release|Any CPU
		{EFBC7C71-5E98-466F-8C76-8E607B23A490}.Release|Any CPU.Build.0 = Release|Any CPU
		{E7FDFB14-DDA9-429B-BA73-DF283B615D81}.Debug|Any CPU.ActiveCfg = Debug|Any CPU
		{E7FDFB14-DDA9-429B-BA73-DF283B615D81}.Debug|Any CPU.Build.0 = Debug|Any CPU
		{E7FDFB14-DDA9-429B-BA73-DF283B615D81}.Release|Any CPU.ActiveCfg = Release|Any CPU
		{E7FDFB14-DDA9-429B-BA73-DF283B615D81}.Release|Any CPU.Build.0 = Release|Any CPU
		{50F17443-4DE7-475E-8B67-C8FE04F72553}.Debug|Any CPU.ActiveCfg = Debug|Any CPU
		{50F17443-4DE7-475E-8B67-C8FE04F72553}.Debug|Any CPU.Build.0 = Debug|Any CPU
		{50F17443-4DE7-475E-8B67-C8FE04F72553}.Release|Any CPU.ActiveCfg = Release|Any CPU
		{50F17443-4DE7-475E-8B67-C8FE04F72553}.Release|Any CPU.Build.0 = Release|Any CPU
	EndGlobalSection
EndGlobal
